// !$*UTF8*$!
{
	archiveVersion = 1;
	classes = {
	};
	objectVersion = 55;
	objects = {

/* Begin PBXBuildFile section */
		4D6397982834EE2D0075FCC1 /* AppDelegate.swift in Sources */ = {isa = PBXBuildFile; fileRef = 4D6397972834EE2D0075FCC1 /* AppDelegate.swift */; };
		4D63979A2834EE2D0075FCC1 /* SceneDelegate.swift in Sources */ = {isa = PBXBuildFile; fileRef = 4D6397992834EE2D0075FCC1 /* SceneDelegate.swift */; };
		4D63979C2834EE2D0075FCC1 /* ViewController.swift in Sources */ = {isa = PBXBuildFile; fileRef = 4D63979B2834EE2D0075FCC1 /* ViewController.swift */; };
		4D63979F2834EE2D0075FCC1 /* Main.storyboard in Resources */ = {isa = PBXBuildFile; fileRef = 4D63979D2834EE2D0075FCC1 /* Main.storyboard */; };
		4D6397A12834EE2F0075FCC1 /* Assets.xcassets in Resources */ = {isa = PBXBuildFile; fileRef = 4D6397A02834EE2F0075FCC1 /* Assets.xcassets */; };
		4D6397A42834EE2F0075FCC1 /* LaunchScreen.storyboard in Resources */ = {isa = PBXBuildFile; fileRef = 4D6397A22834EE2F0075FCC1 /* LaunchScreen.storyboard */; };
		4D6397AF2834EE2F0075FCC1 /* pure_open_source_ios_uikitTests.swift in Sources */ = {isa = PBXBuildFile; fileRef = 4D6397AE2834EE2F0075FCC1 /* pure_open_source_ios_uikitTests.swift */; };
		4D6397B92834EE2F0075FCC1 /* pure_open_source_ios_uikitUITests.swift in Sources */ = {isa = PBXBuildFile; fileRef = 4D6397B82834EE2F0075FCC1 /* pure_open_source_ios_uikitUITests.swift */; };
		4D6397BB2834EE2F0075FCC1 /* pure_open_source_ios_uikitUITestsLaunchTests.swift in Sources */ = {isa = PBXBuildFile; fileRef = 4D6397BA2834EE2F0075FCC1 /* pure_open_source_ios_uikitUITestsLaunchTests.swift */; };
		4DC6E30E2835076E0034E7C1 /* AmityUIKit.framework in Frameworks */ = {isa = PBXBuildFile; fileRef = 4DC6E30D2835076E0034E7C1 /* AmityUIKit.framework */; };
		4DC6E30F2835076E0034E7C1 /* AmityUIKit.framework in Embed Frameworks */ = {isa = PBXBuildFile; fileRef = 4DC6E30D2835076E0034E7C1 /* AmityUIKit.framework */; settings = {ATTRIBUTES = (CodeSignOnCopy, RemoveHeadersOnCopy, ); }; };
		4DC6E313283507760034E7C1 /* AmitySDK.xcframework in Frameworks */ = {isa = PBXBuildFile; fileRef = 4DC6E311283507760034E7C1 /* AmitySDK.xcframework */; };
		4DC6E314283507760034E7C1 /* AmitySDK.xcframework in Embed Frameworks */ = {isa = PBXBuildFile; fileRef = 4DC6E311283507760034E7C1 /* AmitySDK.xcframework */; settings = {ATTRIBUTES = (CodeSignOnCopy, RemoveHeadersOnCopy, ); }; };
		4DC6E315283507760034E7C1 /* Realm.xcframework in Frameworks */ = {isa = PBXBuildFile; fileRef = 4DC6E312283507760034E7C1 /* Realm.xcframework */; };
		4DC6E316283507760034E7C1 /* Realm.xcframework in Embed Frameworks */ = {isa = PBXBuildFile; fileRef = 4DC6E312283507760034E7C1 /* Realm.xcframework */; settings = {ATTRIBUTES = (CodeSignOnCopy, RemoveHeadersOnCopy, ); }; };
/* End PBXBuildFile section */

/* Begin PBXContainerItemProxy section */
		4D6397AB2834EE2F0075FCC1 /* PBXContainerItemProxy */ = {
			isa = PBXContainerItemProxy;
			containerPortal = 4D63978C2834EE2D0075FCC1 /* Project object */;
			proxyType = 1;
			remoteGlobalIDString = 4D6397932834EE2D0075FCC1;
			remoteInfo = "pure-open-source-ios-uikit";
		};
		4D6397B52834EE2F0075FCC1 /* PBXContainerItemProxy */ = {
			isa = PBXContainerItemProxy;
			containerPortal = 4D63978C2834EE2D0075FCC1 /* Project object */;
			proxyType = 1;
			remoteGlobalIDString = 4D6397932834EE2D0075FCC1;
			remoteInfo = "pure-open-source-ios-uikit";
		};
/* End PBXContainerItemProxy section */

/* Begin PBXCopyFilesBuildPhase section */
		4DC6E3102835076E0034E7C1 /* Embed Frameworks */ = {
			isa = PBXCopyFilesBuildPhase;
			buildActionMask = 2147483647;
			dstPath = "";
			dstSubfolderSpec = 10;
			files = (
				4DC6E30F2835076E0034E7C1 /* AmityUIKit.framework in Embed Frameworks */,
				4DC6E314283507760034E7C1 /* AmitySDK.xcframework in Embed Frameworks */,
				4DC6E316283507760034E7C1 /* Realm.xcframework in Embed Frameworks */,
			);
			name = "Embed Frameworks";
			runOnlyForDeploymentPostprocessing = 0;
		};
/* End PBXCopyFilesBuildPhase section */

/* Begin PBXFileReference section */
		4D6397942834EE2D0075FCC1 /* pure-open-source-ios-uikit.app */ = {isa = PBXFileReference; explicitFileType = wrapper.application; includeInIndex = 0; path = "pure-open-source-ios-uikit.app"; sourceTree = BUILT_PRODUCTS_DIR; };
		4D6397972834EE2D0075FCC1 /* AppDelegate.swift */ = {isa = PBXFileReference; lastKnownFileType = sourcecode.swift; path = AppDelegate.swift; sourceTree = "<group>"; };
		4D6397992834EE2D0075FCC1 /* SceneDelegate.swift */ = {isa = PBXFileReference; lastKnownFileType = sourcecode.swift; path = SceneDelegate.swift; sourceTree = "<group>"; };
		4D63979B2834EE2D0075FCC1 /* ViewController.swift */ = {isa = PBXFileReference; lastKnownFileType = sourcecode.swift; path = ViewController.swift; sourceTree = "<group>"; };
		4D63979E2834EE2D0075FCC1 /* Base */ = {isa = PBXFileReference; lastKnownFileType = file.storyboard; name = Base; path = Base.lproj/Main.storyboard; sourceTree = "<group>"; };
		4D6397A02834EE2F0075FCC1 /* Assets.xcassets */ = {isa = PBXFileReference; lastKnownFileType = folder.assetcatalog; path = Assets.xcassets; sourceTree = "<group>"; };
		4D6397A32834EE2F0075FCC1 /* Base */ = {isa = PBXFileReference; lastKnownFileType = file.storyboard; name = Base; path = Base.lproj/LaunchScreen.storyboard; sourceTree = "<group>"; };
		4D6397A52834EE2F0075FCC1 /* Info.plist */ = {isa = PBXFileReference; lastKnownFileType = text.plist.xml; path = Info.plist; sourceTree = "<group>"; };
		4D6397AA2834EE2F0075FCC1 /* pure-open-source-ios-uikitTests.xctest */ = {isa = PBXFileReference; explicitFileType = wrapper.cfbundle; includeInIndex = 0; path = "pure-open-source-ios-uikitTests.xctest"; sourceTree = BUILT_PRODUCTS_DIR; };
		4D6397AE2834EE2F0075FCC1 /* pure_open_source_ios_uikitTests.swift */ = {isa = PBXFileReference; lastKnownFileType = sourcecode.swift; path = pure_open_source_ios_uikitTests.swift; sourceTree = "<group>"; };
		4D6397B42834EE2F0075FCC1 /* pure-open-source-ios-uikitUITests.xctest */ = {isa = PBXFileReference; explicitFileType = wrapper.cfbundle; includeInIndex = 0; path = "pure-open-source-ios-uikitUITests.xctest"; sourceTree = BUILT_PRODUCTS_DIR; };
		4D6397B82834EE2F0075FCC1 /* pure_open_source_ios_uikitUITests.swift */ = {isa = PBXFileReference; lastKnownFileType = sourcecode.swift; path = pure_open_source_ios_uikitUITests.swift; sourceTree = "<group>"; };
		4D6397BA2834EE2F0075FCC1 /* pure_open_source_ios_uikitUITestsLaunchTests.swift */ = {isa = PBXFileReference; lastKnownFileType = sourcecode.swift; path = pure_open_source_ios_uikitUITestsLaunchTests.swift; sourceTree = "<group>"; };
		4DC6E30D2835076E0034E7C1 /* AmityUIKit.framework */ = {isa = PBXFileReference; explicitFileType = wrapper.framework; path = AmityUIKit.framework; sourceTree = BUILT_PRODUCTS_DIR; };
		4DC6E311283507760034E7C1 /* AmitySDK.xcframework */ = {isa = PBXFileReference; lastKnownFileType = wrapper.xcframework; name = AmitySDK.xcframework; path = "Amity-Social-Cloud-UIKit-iOS-OpenSource/UpstraUIKit/Shared/AmitySDK.xcframework"; sourceTree = "<group>"; };
		4DC6E312283507760034E7C1 /* Realm.xcframework */ = {isa = PBXFileReference; lastKnownFileType = wrapper.xcframework; name = Realm.xcframework; path = "Amity-Social-Cloud-UIKit-iOS-OpenSource/UpstraUIKit/Shared/Realm.xcframework"; sourceTree = "<group>"; };
/* End PBXFileReference section */

/* Begin PBXFrameworksBuildPhase section */
		4D6397912834EE2D0075FCC1 /* Frameworks */ = {
			isa = PBXFrameworksBuildPhase;
			buildActionMask = 2147483647;
			files = (
				4DC6E30E2835076E0034E7C1 /* AmityUIKit.framework in Frameworks */,
				4DC6E313283507760034E7C1 /* AmitySDK.xcframework in Frameworks */,
				4DC6E315283507760034E7C1 /* Realm.xcframework in Frameworks */,
			);
			runOnlyForDeploymentPostprocessing = 0;
		};
		4D6397A72834EE2F0075FCC1 /* Frameworks */ = {
			isa = PBXFrameworksBuildPhase;
			buildActionMask = 2147483647;
			files = (
			);
			runOnlyForDeploymentPostprocessing = 0;
		};
		4D6397B12834EE2F0075FCC1 /* Frameworks */ = {
			isa = PBXFrameworksBuildPhase;
			buildActionMask = 2147483647;
			files = (
			);
			runOnlyForDeploymentPostprocessing = 0;
		};
/* End PBXFrameworksBuildPhase section */

/* Begin PBXGroup section */
		4D63978B2834EE2D0075FCC1 = {
			isa = PBXGroup;
			children = (
				4D6397962834EE2D0075FCC1 /* pure-open-source-ios-uikit */,
				4D6397AD2834EE2F0075FCC1 /* pure-open-source-ios-uikitTests */,
				4D6397B72834EE2F0075FCC1 /* pure-open-source-ios-uikitUITests */,
				4D6397952834EE2D0075FCC1 /* Products */,
				4DC6E30C2835076E0034E7C1 /* Frameworks */,
			);
			sourceTree = "<group>";
		};
		4D6397952834EE2D0075FCC1 /* Products */ = {
			isa = PBXGroup;
			children = (
				4D6397942834EE2D0075FCC1 /* pure-open-source-ios-uikit.app */,
				4D6397AA2834EE2F0075FCC1 /* pure-open-source-ios-uikitTests.xctest */,
				4D6397B42834EE2F0075FCC1 /* pure-open-source-ios-uikitUITests.xctest */,
			);
			name = Products;
			sourceTree = "<group>";
		};
		4D6397962834EE2D0075FCC1 /* pure-open-source-ios-uikit */ = {
			isa = PBXGroup;
			children = (
				4D6397972834EE2D0075FCC1 /* AppDelegate.swift */,
				4D6397992834EE2D0075FCC1 /* SceneDelegate.swift */,
				4D63979B2834EE2D0075FCC1 /* ViewController.swift */,
				4D63979D2834EE2D0075FCC1 /* Main.storyboard */,
				4D6397A02834EE2F0075FCC1 /* Assets.xcassets */,
				4D6397A22834EE2F0075FCC1 /* LaunchScreen.storyboard */,
				4D6397A52834EE2F0075FCC1 /* Info.plist */,
			);
			path = "pure-open-source-ios-uikit";
			sourceTree = "<group>";
		};
		4D6397AD2834EE2F0075FCC1 /* pure-open-source-ios-uikitTests */ = {
			isa = PBXGroup;
			children = (
				4D6397AE2834EE2F0075FCC1 /* pure_open_source_ios_uikitTests.swift */,
			);
			path = "pure-open-source-ios-uikitTests";
			sourceTree = "<group>";
		};
		4D6397B72834EE2F0075FCC1 /* pure-open-source-ios-uikitUITests */ = {
			isa = PBXGroup;
			children = (
				4D6397B82834EE2F0075FCC1 /* pure_open_source_ios_uikitUITests.swift */,
				4D6397BA2834EE2F0075FCC1 /* pure_open_source_ios_uikitUITestsLaunchTests.swift */,
			);
			path = "pure-open-source-ios-uikitUITests";
			sourceTree = "<group>";
		};
		4DC6E30C2835076E0034E7C1 /* Frameworks */ = {
			isa = PBXGroup;
			children = (
				4DC6E311283507760034E7C1 /* AmitySDK.xcframework */,
				4DC6E312283507760034E7C1 /* Realm.xcframework */,
				4DC6E30D2835076E0034E7C1 /* AmityUIKit.framework */,
			);
			name = Frameworks;
			sourceTree = "<group>";
		};
/* End PBXGroup section */

/* Begin PBXNativeTarget section */
		4D6397932834EE2D0075FCC1 /* pure-open-source-ios-uikit */ = {
			isa = PBXNativeTarget;
			buildConfigurationList = 4D6397BE2834EE2F0075FCC1 /* Build configuration list for PBXNativeTarget "pure-open-source-ios-uikit" */;
			buildPhases = (
				4D6397902834EE2D0075FCC1 /* Sources */,
				4D6397912834EE2D0075FCC1 /* Frameworks */,
				4D6397922834EE2D0075FCC1 /* Resources */,
				4DC6E3102835076E0034E7C1 /* Embed Frameworks */,
			);
			buildRules = (
			);
			dependencies = (
			);
			name = "pure-open-source-ios-uikit";
			productName = "pure-open-source-ios-uikit";
			productReference = 4D6397942834EE2D0075FCC1 /* pure-open-source-ios-uikit.app */;
			productType = "com.apple.product-type.application";
		};
		4D6397A92834EE2F0075FCC1 /* pure-open-source-ios-uikitTests */ = {
			isa = PBXNativeTarget;
			buildConfigurationList = 4D6397C12834EE2F0075FCC1 /* Build configuration list for PBXNativeTarget "pure-open-source-ios-uikitTests" */;
			buildPhases = (
				4D6397A62834EE2F0075FCC1 /* Sources */,
				4D6397A72834EE2F0075FCC1 /* Frameworks */,
				4D6397A82834EE2F0075FCC1 /* Resources */,
			);
			buildRules = (
			);
			dependencies = (
				4D6397AC2834EE2F0075FCC1 /* PBXTargetDependency */,
			);
			name = "pure-open-source-ios-uikitTests";
			productName = "pure-open-source-ios-uikitTests";
			productReference = 4D6397AA2834EE2F0075FCC1 /* pure-open-source-ios-uikitTests.xctest */;
			productType = "com.apple.product-type.bundle.unit-test";
		};
		4D6397B32834EE2F0075FCC1 /* pure-open-source-ios-uikitUITests */ = {
			isa = PBXNativeTarget;
			buildConfigurationList = 4D6397C42834EE2F0075FCC1 /* Build configuration list for PBXNativeTarget "pure-open-source-ios-uikitUITests" */;
			buildPhases = (
				4D6397B02834EE2F0075FCC1 /* Sources */,
				4D6397B12834EE2F0075FCC1 /* Frameworks */,
				4D6397B22834EE2F0075FCC1 /* Resources */,
			);
			buildRules = (
			);
			dependencies = (
				4D6397B62834EE2F0075FCC1 /* PBXTargetDependency */,
			);
			name = "pure-open-source-ios-uikitUITests";
			productName = "pure-open-source-ios-uikitUITests";
			productReference = 4D6397B42834EE2F0075FCC1 /* pure-open-source-ios-uikitUITests.xctest */;
			productType = "com.apple.product-type.bundle.ui-testing";
		};
/* End PBXNativeTarget section */

/* Begin PBXProject section */
		4D63978C2834EE2D0075FCC1 /* Project object */ = {
			isa = PBXProject;
			attributes = {
				BuildIndependentTargetsInParallel = 1;
				LastSwiftUpdateCheck = 1320;
				LastUpgradeCheck = 1320;
				TargetAttributes = {
					4D6397932834EE2D0075FCC1 = {
						CreatedOnToolsVersion = 13.2.1;
					};
					4D6397A92834EE2F0075FCC1 = {
						CreatedOnToolsVersion = 13.2.1;
						TestTargetID = 4D6397932834EE2D0075FCC1;
					};
					4D6397B32834EE2F0075FCC1 = {
						CreatedOnToolsVersion = 13.2.1;
						TestTargetID = 4D6397932834EE2D0075FCC1;
					};
				};
			};
			buildConfigurationList = 4D63978F2834EE2D0075FCC1 /* Build configuration list for PBXProject "pure-open-source-ios-uikit" */;
			compatibilityVersion = "Xcode 13.0";
			developmentRegion = en;
			hasScannedForEncodings = 0;
			knownRegions = (
				en,
				Base,
			);
			mainGroup = 4D63978B2834EE2D0075FCC1;
			productRefGroup = 4D6397952834EE2D0075FCC1 /* Products */;
			projectDirPath = "";
			projectRoot = "";
			targets = (
				4D6397932834EE2D0075FCC1 /* pure-open-source-ios-uikit */,
				4D6397A92834EE2F0075FCC1 /* pure-open-source-ios-uikitTests */,
				4D6397B32834EE2F0075FCC1 /* pure-open-source-ios-uikitUITests */,
			);
		};
/* End PBXProject section */

/* Begin PBXResourcesBuildPhase section */
		4D6397922834EE2D0075FCC1 /* Resources */ = {
			isa = PBXResourcesBuildPhase;
			buildActionMask = 2147483647;
			files = (
				4D6397A42834EE2F0075FCC1 /* LaunchScreen.storyboard in Resources */,
				4D6397A12834EE2F0075FCC1 /* Assets.xcassets in Resources */,
				4D63979F2834EE2D0075FCC1 /* Main.storyboard in Resources */,
			);
			runOnlyForDeploymentPostprocessing = 0;
		};
		4D6397A82834EE2F0075FCC1 /* Resources */ = {
			isa = PBXResourcesBuildPhase;
			buildActionMask = 2147483647;
			files = (
			);
			runOnlyForDeploymentPostprocessing = 0;
		};
		4D6397B22834EE2F0075FCC1 /* Resources */ = {
			isa = PBXResourcesBuildPhase;
			buildActionMask = 2147483647;
			files = (
			);
			runOnlyForDeploymentPostprocessing = 0;
		};
/* End PBXResourcesBuildPhase section */

/* Begin PBXSourcesBuildPhase section */
		4D6397902834EE2D0075FCC1 /* Sources */ = {
			isa = PBXSourcesBuildPhase;
			buildActionMask = 2147483647;
			files = (
				4D63979C2834EE2D0075FCC1 /* ViewController.swift in Sources */,
				4D6397982834EE2D0075FCC1 /* AppDelegate.swift in Sources */,
				4D63979A2834EE2D0075FCC1 /* SceneDelegate.swift in Sources */,
			);
			runOnlyForDeploymentPostprocessing = 0;
		};
		4D6397A62834EE2F0075FCC1 /* Sources */ = {
			isa = PBXSourcesBuildPhase;
			buildActionMask = 2147483647;
			files = (
				4D6397AF2834EE2F0075FCC1 /* pure_open_source_ios_uikitTests.swift in Sources */,
			);
			runOnlyForDeploymentPostprocessing = 0;
		};
		4D6397B02834EE2F0075FCC1 /* Sources */ = {
			isa = PBXSourcesBuildPhase;
			buildActionMask = 2147483647;
			files = (
				4D6397BB2834EE2F0075FCC1 /* pure_open_source_ios_uikitUITestsLaunchTests.swift in Sources */,
				4D6397B92834EE2F0075FCC1 /* pure_open_source_ios_uikitUITests.swift in Sources */,
			);
			runOnlyForDeploymentPostprocessing = 0;
		};
/* End PBXSourcesBuildPhase section */

/* Begin PBXTargetDependency section */
		4D6397AC2834EE2F0075FCC1 /* PBXTargetDependency */ = {
			isa = PBXTargetDependency;
			target = 4D6397932834EE2D0075FCC1 /* pure-open-source-ios-uikit */;
			targetProxy = 4D6397AB2834EE2F0075FCC1 /* PBXContainerItemProxy */;
		};
		4D6397B62834EE2F0075FCC1 /* PBXTargetDependency */ = {
			isa = PBXTargetDependency;
			target = 4D6397932834EE2D0075FCC1 /* pure-open-source-ios-uikit */;
			targetProxy = 4D6397B52834EE2F0075FCC1 /* PBXContainerItemProxy */;
		};
/* End PBXTargetDependency section */

/* Begin PBXVariantGroup section */
		4D63979D2834EE2D0075FCC1 /* Main.storyboard */ = {
			isa = PBXVariantGroup;
			children = (
				4D63979E2834EE2D0075FCC1 /* Base */,
			);
			name = Main.storyboard;
			sourceTree = "<group>";
		};
		4D6397A22834EE2F0075FCC1 /* LaunchScreen.storyboard */ = {
			isa = PBXVariantGroup;
			children = (
				4D6397A32834EE2F0075FCC1 /* Base */,
			);
			name = LaunchScreen.storyboard;
			sourceTree = "<group>";
		};
/* End PBXVariantGroup section */

/* Begin XCBuildConfiguration section */
		4D6397BC2834EE2F0075FCC1 /* Debug */ = {
			isa = XCBuildConfiguration;
			buildSettings = {
				ALWAYS_SEARCH_USER_PATHS = NO;
				CLANG_ANALYZER_NONNULL = YES;
				CLANG_ANALYZER_NUMBER_OBJECT_CONVERSION = YES_AGGRESSIVE;
				CLANG_CXX_LANGUAGE_STANDARD = "gnu++17";
				CLANG_CXX_LIBRARY = "libc++";
				CLANG_ENABLE_MODULES = YES;
				CLANG_ENABLE_OBJC_ARC = YES;
				CLANG_ENABLE_OBJC_WEAK = YES;
				CLANG_WARN_BLOCK_CAPTURE_AUTORELEASING = YES;
				CLANG_WARN_BOOL_CONVERSION = YES;
				CLANG_WARN_COMMA = YES;
				CLANG_WARN_CONSTANT_CONVERSION = YES;
				CLANG_WARN_DEPRECATED_OBJC_IMPLEMENTATIONS = YES;
				CLANG_WARN_DIRECT_OBJC_ISA_USAGE = YES_ERROR;
				CLANG_WARN_DOCUMENTATION_COMMENTS = YES;
				CLANG_WARN_EMPTY_BODY = YES;
				CLANG_WARN_ENUM_CONVERSION = YES;
				CLANG_WARN_INFINITE_RECURSION = YES;
				CLANG_WARN_INT_CONVERSION = YES;
				CLANG_WARN_NON_LITERAL_NULL_CONVERSION = YES;
				CLANG_WARN_OBJC_IMPLICIT_RETAIN_SELF = YES;
				CLANG_WARN_OBJC_LITERAL_CONVERSION = YES;
				CLANG_WARN_OBJC_ROOT_CLASS = YES_ERROR;
				CLANG_WARN_QUOTED_INCLUDE_IN_FRAMEWORK_HEADER = YES;
				CLANG_WARN_RANGE_LOOP_ANALYSIS = YES;
				CLANG_WARN_STRICT_PROTOTYPES = YES;
				CLANG_WARN_SUSPICIOUS_MOVE = YES;
				CLANG_WARN_UNGUARDED_AVAILABILITY = YES_AGGRESSIVE;
				CLANG_WARN_UNREACHABLE_CODE = YES;
				CLANG_WARN__DUPLICATE_METHOD_MATCH = YES;
				COPY_PHASE_STRIP = NO;
				DEBUG_INFORMATION_FORMAT = dwarf;
				ENABLE_STRICT_OBJC_MSGSEND = YES;
				ENABLE_TESTABILITY = YES;
				GCC_C_LANGUAGE_STANDARD = gnu11;
				GCC_DYNAMIC_NO_PIC = NO;
				GCC_NO_COMMON_BLOCKS = YES;
				GCC_OPTIMIZATION_LEVEL = 0;
				GCC_PREPROCESSOR_DEFINITIONS = (
					"DEBUG=1",
					"$(inherited)",
				);
				GCC_WARN_64_TO_32_BIT_CONVERSION = YES;
				GCC_WARN_ABOUT_RETURN_TYPE = YES_ERROR;
				GCC_WARN_UNDECLARED_SELECTOR = YES;
				GCC_WARN_UNINITIALIZED_AUTOS = YES_AGGRESSIVE;
				GCC_WARN_UNUSED_FUNCTION = YES;
				GCC_WARN_UNUSED_VARIABLE = YES;
				IPHONEOS_DEPLOYMENT_TARGET = 15.2;
				MTL_ENABLE_DEBUG_INFO = INCLUDE_SOURCE;
				MTL_FAST_MATH = YES;
				ONLY_ACTIVE_ARCH = YES;
				SDKROOT = iphoneos;
				SWIFT_ACTIVE_COMPILATION_CONDITIONS = DEBUG;
				SWIFT_OPTIMIZATION_LEVEL = "-Onone";
			};
			name = Debug;
		};
		4D6397BD2834EE2F0075FCC1 /* Release */ = {
			isa = XCBuildConfiguration;
			buildSettings = {
				ALWAYS_SEARCH_USER_PATHS = NO;
				CLANG_ANALYZER_NONNULL = YES;
				CLANG_ANALYZER_NUMBER_OBJECT_CONVERSION = YES_AGGRESSIVE;
				CLANG_CXX_LANGUAGE_STANDARD = "gnu++17";
				CLANG_CXX_LIBRARY = "libc++";
				CLANG_ENABLE_MODULES = YES;
				CLANG_ENABLE_OBJC_ARC = YES;
				CLANG_ENABLE_OBJC_WEAK = YES;
				CLANG_WARN_BLOCK_CAPTURE_AUTORELEASING = YES;
				CLANG_WARN_BOOL_CONVERSION = YES;
				CLANG_WARN_COMMA = YES;
				CLANG_WARN_CONSTANT_CONVERSION = YES;
				CLANG_WARN_DEPRECATED_OBJC_IMPLEMENTATIONS = YES;
				CLANG_WARN_DIRECT_OBJC_ISA_USAGE = YES_ERROR;
				CLANG_WARN_DOCUMENTATION_COMMENTS = YES;
				CLANG_WARN_EMPTY_BODY = YES;
				CLANG_WARN_ENUM_CONVERSION = YES;
				CLANG_WARN_INFINITE_RECURSION = YES;
				CLANG_WARN_INT_CONVERSION = YES;
				CLANG_WARN_NON_LITERAL_NULL_CONVERSION = YES;
				CLANG_WARN_OBJC_IMPLICIT_RETAIN_SELF = YES;
				CLANG_WARN_OBJC_LITERAL_CONVERSION = YES;
				CLANG_WARN_OBJC_ROOT_CLASS = YES_ERROR;
				CLANG_WARN_QUOTED_INCLUDE_IN_FRAMEWORK_HEADER = YES;
				CLANG_WARN_RANGE_LOOP_ANALYSIS = YES;
				CLANG_WARN_STRICT_PROTOTYPES = YES;
				CLANG_WARN_SUSPICIOUS_MOVE = YES;
				CLANG_WARN_UNGUARDED_AVAILABILITY = YES_AGGRESSIVE;
				CLANG_WARN_UNREACHABLE_CODE = YES;
				CLANG_WARN__DUPLICATE_METHOD_MATCH = YES;
				COPY_PHASE_STRIP = NO;
				DEBUG_INFORMATION_FORMAT = "dwarf-with-dsym";
				ENABLE_NS_ASSERTIONS = NO;
				ENABLE_STRICT_OBJC_MSGSEND = YES;
				GCC_C_LANGUAGE_STANDARD = gnu11;
				GCC_NO_COMMON_BLOCKS = YES;
				GCC_WARN_64_TO_32_BIT_CONVERSION = YES;
				GCC_WARN_ABOUT_RETURN_TYPE = YES_ERROR;
				GCC_WARN_UNDECLARED_SELECTOR = YES;
				GCC_WARN_UNINITIALIZED_AUTOS = YES_AGGRESSIVE;
				GCC_WARN_UNUSED_FUNCTION = YES;
				GCC_WARN_UNUSED_VARIABLE = YES;
				IPHONEOS_DEPLOYMENT_TARGET = 15.2;
				MTL_ENABLE_DEBUG_INFO = NO;
				MTL_FAST_MATH = YES;
				SDKROOT = iphoneos;
				SWIFT_COMPILATION_MODE = wholemodule;
				SWIFT_OPTIMIZATION_LEVEL = "-O";
				VALIDATE_PRODUCT = YES;
			};
			name = Release;
		};
		4D6397BF2834EE2F0075FCC1 /* Debug */ = {
			isa = XCBuildConfiguration;
			buildSettings = {
				ASSETCATALOG_COMPILER_APPICON_NAME = AppIcon;
				ASSETCATALOG_COMPILER_GLOBAL_ACCENT_COLOR_NAME = AccentColor;
				CODE_SIGN_STYLE = Automatic;
				CURRENT_PROJECT_VERSION = 1;
				DEVELOPMENT_TEAM = N6R298VU2T;
				GENERATE_INFOPLIST_FILE = YES;
				INFOPLIST_FILE = "pure-open-source-ios-uikit/Info.plist";
				INFOPLIST_KEY_UIApplicationSupportsIndirectInputEvents = YES;
				INFOPLIST_KEY_UILaunchStoryboardName = LaunchScreen;
				INFOPLIST_KEY_UIMainStoryboardFile = Main;
				INFOPLIST_KEY_UISupportedInterfaceOrientations_iPad = "UIInterfaceOrientationPortrait UIInterfaceOrientationPortraitUpsideDown UIInterfaceOrientationLandscapeLeft UIInterfaceOrientationLandscapeRight";
				INFOPLIST_KEY_UISupportedInterfaceOrientations_iPhone = "UIInterfaceOrientationPortrait UIInterfaceOrientationLandscapeLeft UIInterfaceOrientationLandscapeRight";
				LD_RUNPATH_SEARCH_PATHS = (
					"$(inherited)",
					"@executable_path/Frameworks",
				);
				MARKETING_VERSION = 1.0;
				PRODUCT_BUNDLE_IDENTIFIER = "com.amity.pure-open-source-ios-uikit";
				PRODUCT_NAME = "$(TARGET_NAME)";
				SWIFT_EMIT_LOC_STRINGS = YES;
				SWIFT_VERSION = 5.0;
				TARGETED_DEVICE_FAMILY = "1,2";
			};
			name = Debug;
		};
		4D6397C02834EE2F0075FCC1 /* Release */ = {
			isa = XCBuildConfiguration;
			buildSettings = {
				ASSETCATALOG_COMPILER_APPICON_NAME = AppIcon;
				ASSETCATALOG_COMPILER_GLOBAL_ACCENT_COLOR_NAME = AccentColor;
				CODE_SIGN_STYLE = Automatic;
				CURRENT_PROJECT_VERSION = 1;
				DEVELOPMENT_TEAM = N6R298VU2T;
				GENERATE_INFOPLIST_FILE = YES;
				INFOPLIST_FILE = "pure-open-source-ios-uikit/Info.plist";
				INFOPLIST_KEY_UIApplicationSupportsIndirectInputEvents = YES;
				INFOPLIST_KEY_UILaunchStoryboardName = LaunchScreen;
				INFOPLIST_KEY_UIMainStoryboardFile = Main;
				INFOPLIST_KEY_UISupportedInterfaceOrientations_iPad = "UIInterfaceOrientationPortrait UIInterfaceOrientationPortraitUpsideDown UIInterfaceOrientationLandscapeLeft UIInterfaceOrientationLandscapeRight";
				INFOPLIST_KEY_UISupportedInterfaceOrientations_iPhone = "UIInterfaceOrientationPortrait UIInterfaceOrientationLandscapeLeft UIInterfaceOrientationLandscapeRight";
				LD_RUNPATH_SEARCH_PATHS = (
					"$(inherited)",
					"@executable_path/Frameworks",
				);
				MARKETING_VERSION = 1.0;
				PRODUCT_BUNDLE_IDENTIFIER = "com.amity.pure-open-source-ios-uikit";
				PRODUCT_NAME = "$(TARGET_NAME)";
				SWIFT_EMIT_LOC_STRINGS = YES;
				SWIFT_VERSION = 5.0;
				TARGETED_DEVICE_FAMILY = "1,2";
			};
			name = Release;
		};
		4D6397C22834EE2F0075FCC1 /* Debug */ = {
			isa = XCBuildConfiguration;
			buildSettings = {
				ALWAYS_EMBED_SWIFT_STANDARD_LIBRARIES = YES;
				BUNDLE_LOADER = "$(TEST_HOST)";
				CODE_SIGN_STYLE = Automatic;
				CURRENT_PROJECT_VERSION = 1;
				DEVELOPMENT_TEAM = N6R298VU2T;
				GENERATE_INFOPLIST_FILE = YES;
				IPHONEOS_DEPLOYMENT_TARGET = 15.2;
				MARKETING_VERSION = 1.0;
				PRODUCT_BUNDLE_IDENTIFIER = "com.amity.pure-open-source-ios-uikitTests";
				PRODUCT_NAME = "$(TARGET_NAME)";
				SWIFT_EMIT_LOC_STRINGS = NO;
				SWIFT_VERSION = 5.0;
				TARGETED_DEVICE_FAMILY = "1,2";
				TEST_HOST = "$(BUILT_PRODUCTS_DIR)/pure-open-source-ios-uikit.app/pure-open-source-ios-uikit";
			};
			name = Debug;
		};
		4D6397C32834EE2F0075FCC1 /* Release */ = {
			isa = XCBuildConfiguration;
			buildSettings = {
				ALWAYS_EMBED_SWIFT_STANDARD_LIBRARIES = YES;
				BUNDLE_LOADER = "$(TEST_HOST)";
				CODE_SIGN_STYLE = Automatic;
				CURRENT_PROJECT_VERSION = 1;
				DEVELOPMENT_TEAM = N6R298VU2T;
				GENERATE_INFOPLIST_FILE = YES;
				IPHONEOS_DEPLOYMENT_TARGET = 15.2;
				MARKETING_VERSION = 1.0;
				PRODUCT_BUNDLE_IDENTIFIER = "com.amity.pure-open-source-ios-uikitTests";
				PRODUCT_NAME = "$(TARGET_NAME)";
				SWIFT_EMIT_LOC_STRINGS = NO;
				SWIFT_VERSION = 5.0;
				TARGETED_DEVICE_FAMILY = "1,2";
				TEST_HOST = "$(BUILT_PRODUCTS_DIR)/pure-open-source-ios-uikit.app/pure-open-source-ios-uikit";
			};
			name = Release;
		};
		4D6397C52834EE2F0075FCC1 /* Debug */ = {
			isa = XCBuildConfiguration;
			buildSettings = {
				ALWAYS_EMBED_SWIFT_STANDARD_LIBRARIES = YES;
				CODE_SIGN_STYLE = Automatic;
				CURRENT_PROJECT_VERSION = 1;
				DEVELOPMENT_TEAM = N6R298VU2T;
				GENERATE_INFOPLIST_FILE = YES;
				MARKETING_VERSION = 1.0;
				PRODUCT_BUNDLE_IDENTIFIER = "com.amity.pure-open-source-ios-uikitUITests";
				PRODUCT_NAME = "$(TARGET_NAME)";
				SWIFT_EMIT_LOC_STRINGS = NO;
				SWIFT_VERSION = 5.0;
				TARGETED_DEVICE_FAMILY = "1,2";
				TEST_TARGET_NAME = "pure-open-source-ios-uikit";
			};
			name = Debug;
		};
		4D6397C62834EE2F0075FCC1 /* Release */ = {
			isa = XCBuildConfiguration;
			buildSettings = {
				ALWAYS_EMBED_SWIFT_STANDARD_LIBRARIES = YES;
				CODE_SIGN_STYLE = Automatic;
				CURRENT_PROJECT_VERSION = 1;
				DEVELOPMENT_TEAM = N6R298VU2T;
				GENERATE_INFOPLIST_FILE = YES;
				MARKETING_VERSION = 1.0;
				PRODUCT_BUNDLE_IDENTIFIER = "com.amity.pure-open-source-ios-uikitUITests";
				PRODUCT_NAME = "$(TARGET_NAME)";
				SWIFT_EMIT_LOC_STRINGS = NO;
				SWIFT_VERSION = 5.0;
				TARGETED_DEVICE_FAMILY = "1,2";
				TEST_TARGET_NAME = "pure-open-source-ios-uikit";
			};
			name = Release;
		};
/* End XCBuildConfiguration section */

/* Begin XCConfigurationList section */
		4D63978F2834EE2D0075FCC1 /* Build configuration list for PBXProject "pure-open-source-ios-uikit" */ = {
			isa = XCConfigurationList;
			buildConfigurations = (
				4D6397BC2834EE2F0075FCC1 /* Debug */,
				4D6397BD2834EE2F0075FCC1 /* Release */,
			);
			defaultConfigurationIsVisible = 0;
			defaultConfigurationName = Release;
		};
		4D6397BE2834EE2F0075FCC1 /* Build configuration list for PBXNativeTarget "pure-open-source-ios-uikit" */ = {
			isa = XCConfigurationList;
			buildConfigurations = (
				4D6397BF2834EE2F0075FCC1 /* Debug */,
				4D6397C02834EE2F0075FCC1 /* Release */,
			);
			defaultConfigurationIsVisible = 0;
			defaultConfigurationName = Release;
		};
		4D6397C12834EE2F0075FCC1 /* Build configuration list for PBXNativeTarget "pure-open-source-ios-uikitTests" */ = {
			isa = XCConfigurationList;
			buildConfigurations = (
				4D6397C22834EE2F0075FCC1 /* Debug */,
				4D6397C32834EE2F0075FCC1 /* Release */,
			);
			defaultConfigurationIsVisible = 0;
			defaultConfigurationName = Release;
		};
		4D6397C42834EE2F0075FCC1 /* Build configuration list for PBXNativeTarget "pure-open-source-ios-uikitUITests" */ = {
			isa = XCConfigurationList;
			buildConfigurations = (
				4D6397C52834EE2F0075FCC1 /* Debug */,
				4D6397C62834EE2F0075FCC1 /* Release */,
			);
			defaultConfigurationIsVisible = 0;
			defaultConfigurationName = Release;
		};
/* End XCConfigurationList section */
	};
	rootObject = 4D63978C2834EE2D0075FCC1 /* Project object */;
}
